{
  "version": "4",
  "specifiers": {
    "jsr:@oak/commons@1": "1.0.0",
    "jsr:@std/assert@1": "1.0.6",
    "jsr:@std/bytes@1": "1.0.2",
    "jsr:@std/bytes@^1.0.2": "1.0.2",
    "jsr:@std/crypto@1": "1.0.3",
    "jsr:@std/encoding@1": "1.0.5",
    "jsr:@std/encoding@^1.0.5": "1.0.5",
    "jsr:@std/http@1": "1.0.8",
    "jsr:@std/internal@^1.0.4": "1.0.4",
    "jsr:@std/io@0.224": "0.224.9",
    "jsr:@std/media-types@1": "1.0.3",
    "jsr:@std/path@1": "1.0.6",
    "npm:@types/node@*": "22.5.4",
    "npm:chalk@5": "5.3.0",
    "npm:create-vite@latest": "5.5.4",
    "npm:path-to-regexp@6.2.1": "6.2.1"
  },
  "jsr": {
    "@oak/commons@1.0.0": {
      "integrity": "49805b55603c3627a9d6235c0655aa2b6222d3036b3a13ff0380c16368f607ac",
      "dependencies": [
        "jsr:@std/assert",
        "jsr:@std/bytes@1",
        "jsr:@std/crypto",
        "jsr:@std/encoding@1",
        "jsr:@std/http",
        "jsr:@std/media-types"
      ]
    },
    "@std/assert@1.0.6": {
      "integrity": "1904c05806a25d94fe791d6d883b685c9e2dcd60e4f9fc30f4fc5cf010c72207",
      "dependencies": [
        "jsr:@std/internal"
      ]
    },
    "@std/bytes@1.0.2": {
      "integrity": "fbdee322bbd8c599a6af186a1603b3355e59a5fb1baa139f8f4c3c9a1b3e3d57"
    },
    "@std/crypto@1.0.3": {
      "integrity": "a2a32f51ddef632d299e3879cd027c630dcd4d1d9a5285d6e6788072f4e51e7f"
    },
    "@std/encoding@1.0.5": {
      "integrity": "ecf363d4fc25bd85bd915ff6733a7e79b67e0e7806334af15f4645c569fefc04"
    },
    "@std/http@1.0.8": {
      "integrity": "6ea1b2e8d33929967754a3b6d6c6f399ad6647d7bbb5a466c1eaf9b294a6ebcd",
      "dependencies": [
        "jsr:@std/encoding@^1.0.5"
      ]
    },
    "@std/internal@1.0.4": {
      "integrity": "62e8e4911527e5e4f307741a795c0b0a9e6958d0b3790716ae71ce085f755422"
    },
    "@std/io@0.224.9": {
      "integrity": "4414664b6926f665102e73c969cfda06d2c4c59bd5d0c603fd4f1b1c840d6ee3",
      "dependencies": [
        "jsr:@std/bytes@^1.0.2"
      ]
    },
    "@std/media-types@1.0.3": {
      "integrity": "b12d30a7852f7578f4d210622df713bbfd1cbdd9b4ec2eaf5c1845ab70bab159"
    },
    "@std/path@1.0.6": {
      "integrity": "ab2c55f902b380cf28e0eec501b4906e4c1960d13f00e11cfbcd21de15f18fed"
    }
  },
  "npm": {
    "@types/node@22.5.4": {
      "integrity": "sha512-FDuKUJQm/ju9fT/SeX/6+gBzoPzlVCzfzmGkwKvRHQVxi4BntVbyIwf6a4Xn62mrvndLiml6z/UBXIdEVjQLXg==",
      "dependencies": [
        "undici-types"
      ]
    },
    "chalk@5.3.0": {
      "integrity": "sha512-dLitG79d+GV1Nb/VYcCDFivJeK1hiukt9QjRNVOsUtTy1rR1YJsmpGGTZ3qJos+uw7WmWF4wUwBd9jxjocFC2w=="
    },
    "create-vite@5.5.4": {
      "integrity": "sha512-r6tVDLWJpjCKoonv8F1LUAP6ksTS6J2raqBbsdnvth05ihJT74jBhl25PiEcrAQvuVqureOsYRCfI6Qwa+Lj4Q=="
    },
    "path-to-regexp@6.2.1": {
      "integrity": "sha512-JLyh7xT1kizaEvcaXOQwOc2/Yhw6KZOvPf1S8401UyLk86CU79LN3vl7ztXGm/pZ+YjoyAJ4rxmHwbkBXJX+yw=="
    },
    "undici-types@6.19.8": {
      "integrity": "sha512-ve2KP6f/JnbPBFyobGHuerC9g1FYGn/F8n1LWTwNxCEzd6IfqTwUQcNXgEtmmQ6DlRrC1hrSrBnCZPokRrDHjw=="
    }
  },
  "redirects": {
    "https://deno.land/x/base64/base64url.ts": "https://deno.land/x/base64@v0.2.1/base64url.ts",
    "https://deno.land/x/cors/mod.ts": "https://deno.land/x/cors@v1.2.2/mod.ts",
    "https://deno.land/x/oak/mod.ts": "https://deno.land/x/oak@v17.1.0/mod.ts",
    "https://deno.land/x/std@0.63.0/log/mod.ts": "https://deno.land/std@0.63.0/log/mod.ts"
  },
  "remote": {
    "https://deno.land/std@0.63.0/_util/assert.ts": "e1f76e77c5ccb5a8e0dbbbe6cce3a56d2556c8cb5a9a8802fc9565af72462149",
    "https://deno.land/std@0.63.0/async/deferred.ts": "ac95025f46580cf5197928ba90995d87f26e202c19ad961bc4e3177310894cdc",
    "https://deno.land/std@0.63.0/async/delay.ts": "35957d585a6e3dd87706858fb1d6b551cb278271b03f52c5a2cb70e65e00c26a",
    "https://deno.land/std@0.63.0/async/mod.ts": "39f2602a005805dd1e6b9da4ee5391b14d15e8fec4fa5494a6165c599911d746",
    "https://deno.land/std@0.63.0/async/mux_async_iterator.ts": "1352b10a5cee1821a963eb8f4f05603bd7e25f8886eaf8d1888f4b416ddccdf5",
    "https://deno.land/std@0.63.0/async/pool.ts": "a499691231d8c249f044f69d204b479ad3af7f115e0b37342829eff076bc2450",
    "https://deno.land/std@0.63.0/bytes/mod.ts": "b1a149ac741728db00bda9ce1a2d044f248edd5ac95e708a6cc501bfd3adb4a7",
    "https://deno.land/std@0.63.0/encoding/utf8.ts": "8654fa820aa69a37ec5eb11908e20b39d056c9bf1c23ab294303ff467f3d50a1",
    "https://deno.land/std@0.63.0/fmt/colors.ts": "eb606cfb06e3f03a0222f09768a9701de2dd31c1fc8fa3a939137792a472962a",
    "https://deno.land/std@0.63.0/fs/exists.ts": "5429dce6587bfcdde06a7a2a1fd5ad932c17d74ca082e67934fa646cff1d2e57",
    "https://deno.land/std@0.63.0/io/bufio.ts": "e76c5b7bf978a638aae6f62b87efde3ab7203b85902ce9b84ac8388c8c2bb104",
    "https://deno.land/std@0.63.0/log/handlers.ts": "2c4fb9dca841efb551aac78dcb64db410ca4c4e7878aff2b49806d4a95621447",
    "https://deno.land/std@0.63.0/log/levels.ts": "d274b41f2dc909c6eef4e71c8a50ccbc81ea4e1df28cb268f02942966a205593",
    "https://deno.land/std@0.63.0/log/logger.ts": "0fea81c91a0af2971293323953ee30185c1bc776abb9ac79e9062efa3126692d",
    "https://deno.land/std@0.63.0/log/mod.ts": "6d25b51c7f7f8184b69cfb68ef6177d2ea5e08b76e4c1e3297d205094feb1186",
    "https://deno.land/std@0.67.0/bytes/mod.ts": "b1a149ac741728db00bda9ce1a2d044f248edd5ac95e708a6cc501bfd3adb4a7",
    "https://deno.land/std@0.67.0/encoding/base64.ts": "79c67b8a9d911eff89cafd84749587a2851a7bb3bed4e952f6cf4c2ff97ae120",
    "https://deno.land/std@0.67.0/encoding/hex.ts": "8dc1489e66b22fec26950c7a55391b12be0d9f9a80cbc7b422700cdff85cd2f7",
    "https://deno.land/std@0.67.0/hash/_wasm/hash.ts": "005f64c4d9343ecbc91e0da9ae5e800f146c20930ad829bbb872c5c06bd89c5f",
    "https://deno.land/std@0.67.0/hash/_wasm/wasm.js": "10c91f7551443bd49b8ced10df7d5c2ce9a447d224eccc6d51f77730e074cdfe",
    "https://deno.land/std@0.67.0/hash/mod.ts": "e764a6a9ab2f5519a97f928e17cc13d984e3dd5c7f742ff9c1c8fb3114790f0c",
    "https://deno.land/std@0.69.0/_util/assert.ts": "e1f76e77c5ccb5a8e0dbbbe6cce3a56d2556c8cb5a9a8802fc9565af72462149",
    "https://deno.land/std@0.69.0/async/deferred.ts": "ac95025f46580cf5197928ba90995d87f26e202c19ad961bc4e3177310894cdc",
    "https://deno.land/std@0.69.0/bytes/mod.ts": "b1a149ac741728db00bda9ce1a2d044f248edd5ac95e708a6cc501bfd3adb4a7",
    "https://deno.land/std@0.69.0/io/bufio.ts": "e76c5b7bf978a638aae6f62b87efde3ab7203b85902ce9b84ac8388c8c2bb104",
    "https://deno.land/std@v0.63.0/_util/assert.ts": "e1f76e77c5ccb5a8e0dbbbe6cce3a56d2556c8cb5a9a8802fc9565af72462149",
    "https://deno.land/std@v0.63.0/flags/mod.ts": "11f51e7fec72bfe01d531acb4e0b0ae54115439367377b088b3c6e7e7142918f",
    "https://deno.land/std@v0.63.0/fmt/colors.ts": "eb606cfb06e3f03a0222f09768a9701de2dd31c1fc8fa3a939137792a472962a",
    "https://deno.land/std@v0.63.0/path/_constants.ts": "e11f32a36644e04dce243f3c1f30c02cc5d149827f48a755628176f0707cfc70",
    "https://deno.land/std@v0.63.0/path/_globrex.ts": "cfd1af99fb5ed2eff9b49aef994cdf7a14a5d26cd32b14c60b27bfff49839c82",
    "https://deno.land/std@v0.63.0/path/_interface.ts": "5876f91d35fd42624893a4aaddaee352144e1f46e719f1dde6511bab7c3c1029",
    "https://deno.land/std@v0.63.0/path/_util.ts": "f0fa012d40ae9b6acbef03908e534eb11e694de6470fb4d78ea4f38829e735ab",
    "https://deno.land/std@v0.63.0/path/common.ts": "e4ec66a7416d56f60331b66e27a8a4f08c7b1cf48e350271cb69754a01cf5c04",
    "https://deno.land/std@v0.63.0/path/glob.ts": "dbcda011329b5ba0f955823e578af19a8bf8d01586a07925b42affe885544e62",
    "https://deno.land/std@v0.63.0/path/mod.ts": "6de8885c2534757097818e302becd1cefcbc4c28ac022cc279e612ee04e8cfd1",
    "https://deno.land/std@v0.63.0/path/posix.ts": "1a6e53e1c90dde43750f38134ace0f6300f7330f5456b60d4979a4564fcf5f7a",
    "https://deno.land/std@v0.63.0/path/separator.ts": "9dd15d46ff84a16e13554f56af7fee1f85f8d0f379efbbe60ac066a60561f036",
    "https://deno.land/std@v0.63.0/path/win32.ts": "b530878b0f3f281c7f06fa73dc8e89a15106ab06e88ca1dea27394d09a1b0514",
    "https://deno.land/x/base64@v0.2.1/base.ts": "47dc8d68f07dc91524bdd6db36eccbe59cf4d935b5fc09f27357a3944bb3ff7b",
    "https://deno.land/x/base64@v0.2.1/base64url.ts": "18bbf879b31f1f32cca8adaa2b6885ae325c2cec6a66c5817b684ca12c46ad5e",
    "https://deno.land/x/bytes_formater@v1.3.0/deps.ts": "af15f22bec89393734d237692dc98a63b7d19e511e9de002bb919827b5acf557",
    "https://deno.land/x/bytes_formater@v1.3.0/format.ts": "397e7c5a94bce8529ce3e13f7699d042300a6bd5b86613abb16386c09e8b16db",
    "https://deno.land/x/bytes_formater@v1.3.0/mod.ts": "c6bf35303f53d74e9134eb13f666fb388fb4c62c6b12b17542bbadade250a864",
    "https://deno.land/x/checksum@1.4.0/hash.ts": "89ebbf7c57576e20462badc05bfb4a7ac01fe7668b6908cd547c79067c4221b9",
    "https://deno.land/x/checksum@1.4.0/md5.ts": "1bb0889eaec838d5c1f219e0533277fe5ea10806d022920b6f0f2f8c398fec77",
    "https://deno.land/x/checksum@1.4.0/mod.ts": "df8282cc1ecfd0f148535337c8bec077a1630e96a2012f2d19b2ca380f2c88c2",
    "https://deno.land/x/checksum@1.4.0/sha1.ts": "a608a6493694b7d734acfc4eee83e09bd9deaa4909cdac07f3eed3db427f97ae",
    "https://deno.land/x/cors@v1.2.2/abcCors.ts": "cdf83a7eaa69a1bf3ab910d18b9422217902fac47601adcaf0afac5a61845d48",
    "https://deno.land/x/cors@v1.2.2/attainCors.ts": "7d6aba0f942495cc31119604e0895c9bb8edd8f8baa7fe78e6c655bd0b4cbf59",
    "https://deno.land/x/cors@v1.2.2/cors.ts": "0e2d9167e3685f9bcf48f565e312b6e1883fa458f7337e5ce7bc2e3b29767980",
    "https://deno.land/x/cors@v1.2.2/mithCors.ts": "3a359d6e716e0410ede278ab54d875b293a2d66d838aaa7cfbf9ddc1e9e990d3",
    "https://deno.land/x/cors@v1.2.2/mod.ts": "2b351913f56d77ad80cb3b8633d4539c9eeddb426dae79437ada0e6a9cb4f1a6",
    "https://deno.land/x/cors@v1.2.2/oakCors.ts": "1348dc7673c61b85d2e80559a7b44f8e0246eaa6bcc6ec744fafe5d9b13b5c71",
    "https://deno.land/x/cors@v1.2.2/opineCors.ts": "fb5790115c26b7061d84b8d6c17d258a1e241bcab75b0bc3ca1fdb2e57bc5072",
    "https://deno.land/x/cors@v1.2.2/types.ts": "97546633ccc7f0df7a29bacba5d91dc6f61decdd1b65258300244dba905d34b8",
    "https://deno.land/x/cotton@v0.7.2/deps.ts": "cad08908d0ccda71231a2c7cbf8e2a327e09e554f8b4fb97f20c26894d4d40f6",
    "https://deno.land/x/cotton@v0.7.2/mod.ts": "4555f4011a744291ca0ce23afcf6abc212dfa81cc1958dfd82119534013f1035",
    "https://deno.land/x/cotton@v0.7.2/src/adapters/adapter.ts": "74a1fa4747e9200f9f0132ee55256f5ffd85cd617d51e190a968b7509c704189",
    "https://deno.land/x/cotton@v0.7.2/src/adapters/mysql.ts": "8b29b78838702215d7d091b5968069660d375ff813002ee1721af67dcb182c1e",
    "https://deno.land/x/cotton@v0.7.2/src/adapters/postgres.ts": "949557144d85b2bbb15b219f82549f4b41a239dfefb371c75f0452861f5a39c8",
    "https://deno.land/x/cotton@v0.7.2/src/adapters/sqlite.ts": "e186d1b13175acddbf58a73f4def43eb2b20e3cc7ebb62829357998b36b49b55",
    "https://deno.land/x/cotton@v0.7.2/src/basemodel.ts": "690e986addc6407d8572a25870bad9003fecf1da32d8a280e536f4d609bff0ab",
    "https://deno.land/x/cotton@v0.7.2/src/connect.ts": "a9d8f7eaa04245b443bd2ed7a226a3fff12ad29187c557516a8b2c247e206e5b",
    "https://deno.land/x/cotton@v0.7.2/src/constants.ts": "cc29069192348fdab6a41f189df41411fd17b64291e9461c9308eb2e250b7078",
    "https://deno.land/x/cotton@v0.7.2/src/manager.ts": "12e29fcc6044c4e6789b931ba6514318291600bb0a2d0c5e9e965d2e2f7e92e1",
    "https://deno.land/x/cotton@v0.7.2/src/migrations/columnbuilder.ts": "84adb404ba22894affdd774e3327d77161075550777634a6588df0a495edcba2",
    "https://deno.land/x/cotton@v0.7.2/src/migrations/foreign.ts": "29e4f7a1ead085d9a7085aaa4a10f85e67149a77bced0dfe4cd093b3078e1484",
    "https://deno.land/x/cotton@v0.7.2/src/migrations/migrationrunner.ts": "181652cac64d8d5e02278b318d6e858fb916337d22fa8e7d7f09e0e017819e61",
    "https://deno.land/x/cotton@v0.7.2/src/migrations/schema.ts": "2d3449ae1c78082aa5addb26ec577f1f04818a3f06c110392bd912585268054c",
    "https://deno.land/x/cotton@v0.7.2/src/migrations/tablebuilder.ts": "b60fb69441bb9f08d3b41cfbff8a0cf17aa1588e27ab9d5ef2a15ba4425e2f79",
    "https://deno.land/x/cotton@v0.7.2/src/model.ts": "05faa56be616ebc8e243db521ad72fc7dbdeaf56a177346befeced283bd28794",
    "https://deno.land/x/cotton@v0.7.2/src/modelquery.ts": "29a9ee020e7f449cff700e298cd35146ba5b1b54aa21bdaae5eeba620fb8d2ee",
    "https://deno.land/x/cotton@v0.7.2/src/q.ts": "09084f6ade6324f9ccb957d2b471e61b2f1d65c096663bccb0f987c93fd843f2",
    "https://deno.land/x/cotton@v0.7.2/src/querybuilder.ts": "75e122b0e6e2582b6be10c875a62835a972391939a296ec74865094e554b5c4f",
    "https://deno.land/x/cotton@v0.7.2/src/querycompiler.ts": "3a558b53b7c4dcc05a23d4ed2d68e72598b53e25fd3df4ea6c7efb77129282d1",
    "https://deno.land/x/cotton@v0.7.2/src/utils/array.ts": "f3a7091b4c85031996b342d3094683bf08bd915f9418a2f55847f21aa281ecd7",
    "https://deno.land/x/cotton@v0.7.2/src/utils/date.ts": "7a3847d27d51f79835e0a67dfae7994a5ce422a54cf25e6342a7cbee4e2b5f38",
    "https://deno.land/x/cotton@v0.7.2/src/utils/dialect.ts": "44b15fa6b494a7dc842ccfe49cee4cd345c6263597cae63b077076386c232f67",
    "https://deno.land/x/cotton@v0.7.2/src/utils/models.ts": "2e0796b12d098f7721c73821490c695f1f2d30eaaa991c7250a7e3ffeec9574d",
    "https://deno.land/x/cotton@v0.7.2/src/utils/number.ts": "88bb60fbce242bfd9fdec954ffb9956573b8919d1e07fb789cbd861c541d7799",
    "https://deno.land/x/cotton@v0.7.2/src/utils/reflect.ts": "c07f462aeb1f2388b60f8a47d9d0dc849cdff7cba7bf329e6ef9b38e4193fa07",
    "https://deno.land/x/mysql@v2.4.0/deps.ts": "955cb22d0b6e704c31a0949aa82442d2aa7f35ce4456752405c54ce9ee9c4525",
    "https://deno.land/x/mysql@v2.4.0/mod.ts": "a5c884fbebc952b3cfca605036cf9df4496649ee6d39496530c32859a5c75fcc",
    "https://deno.land/x/mysql@v2.4.0/src/auth.ts": "3172bb648e76be23c320c60c7697cf65f5210994c58e0ebcfc85045848b91c95",
    "https://deno.land/x/mysql@v2.4.0/src/buffer.ts": "6cd84976c4adeec0bbdea0bd5eef78677400e24a17eab6b2fc7b524720b837a9",
    "https://deno.land/x/mysql@v2.4.0/src/client.ts": "6a6b3143733632153d3109f30e2e3d207f4955abac80b7bf72333e141e93d50f",
    "https://deno.land/x/mysql@v2.4.0/src/connection.ts": "fa750255a9b714e274809700d6267b4f9412598b3c31697697368bfeba9e1d52",
    "https://deno.land/x/mysql@v2.4.0/src/constant/capabilities.ts": "55123185b562ec506f213b562f35f8dc1edb92b0007de29727d4ad482f723a0a",
    "https://deno.land/x/mysql@v2.4.0/src/constant/charset.ts": "253d7233679c774df623d1f974ebb358f3678c18fd6a623e25983311d97d959b",
    "https://deno.land/x/mysql@v2.4.0/src/constant/errors.ts": "e59d314baa6168349b9b5c85cc99ab5e941130e2896ed6ac7670de152a16cd27",
    "https://deno.land/x/mysql@v2.4.0/src/constant/mysql_types.ts": "79c50de8eb5919b897e81e2ff2366ee1ffdbb4297f711e15003bdb787bbc8e6c",
    "https://deno.land/x/mysql@v2.4.0/src/deferred.ts": "8f98034ed44386ee6a73948a2788332700c42b29d472fba78d86c4a6ef8018b2",
    "https://deno.land/x/mysql@v2.4.0/src/logger.ts": "b118c556d7c801b4e13a41e6d4dfabfab10ec73acfdb8d913faf50919536d243",
    "https://deno.land/x/mysql@v2.4.0/src/packets/builders/auth.ts": "56ddc0c769d410a30cad92f16d70b2787a32f5b76c580e043c4490f79a5c0ca5",
    "https://deno.land/x/mysql@v2.4.0/src/packets/builders/query.ts": "54f7397b7751fddbd99be8832b8c8394c4ac6cf3b7122212dcc0fe02159f1125",
    "https://deno.land/x/mysql@v2.4.0/src/packets/packet.ts": "6cdbc307c0856d4857122d44b60f9a720858613a414da41a4606ea8029757d12",
    "https://deno.land/x/mysql@v2.4.0/src/packets/parsers/err.ts": "765b935d985dbf503072d88e79e2ad89e95a64adea1b4bd8ee3a96f97802f195",
    "https://deno.land/x/mysql@v2.4.0/src/packets/parsers/handshake.ts": "91c0fd4b561e17fe4a7a48743d26c130c4060f47a09979b5403484ac85569344",
    "https://deno.land/x/mysql@v2.4.0/src/packets/parsers/result.ts": "1f867624f55007a4aeca0b98fb81a6a341af68a27a8de4451a1d0981792e12ce",
    "https://deno.land/x/oak@v17.1.0/application.ts": "2bcc73b3f22a193554c9958f7080ea635db25594d25ff7944021fca5bf74adba",
    "https://deno.land/x/oak@v17.1.0/body.ts": "f84e31e923fdadc3463519a4ab5409083d00281ae4cae00b9594af3e808f3007",
    "https://deno.land/x/oak@v17.1.0/context.ts": "345cfdaa5a2310558ee0863f2fba5f9ba648188412b16ce342c33266c085f5d3",
    "https://deno.land/x/oak@v17.1.0/deps.ts": "b778c76e91d6d2afe6124981212b6dc3d0b195739ea01857a45396dc78812b59",
    "https://deno.land/x/oak@v17.1.0/http_server_bun.ts": "cb3a66c735cd0533c4c3776b37ae627ab42344c82f91dff63e3030d9656fd3a0",
    "https://deno.land/x/oak@v17.1.0/http_server_native.ts": "3bea00ebb9638203d2449fbf9a14a6b87f119bd45012f13282ececdf7b4c4242",
    "https://deno.land/x/oak@v17.1.0/http_server_native_request.ts": "a4da6f4939736e6323720db2d4b0d19ff2e83f02e52ab1eea9ae80f2c047fa56",
    "https://deno.land/x/oak@v17.1.0/http_server_node.ts": "9bb5291c15305b297fd634aa4c6b1d5054368f4b7a171d7c7c302c73eb2489ed",
    "https://deno.land/x/oak@v17.1.0/middleware.ts": "4170180fe5009d2581a0bdc995e5953b90ccb5b1c3767f3eae8a4fe238b8bd81",
    "https://deno.land/x/oak@v17.1.0/middleware/etag.ts": "eb3cb3a8862ca1990ce80b7d1c3f142c866b22d34c2f785a0e8b46bc34b91f7d",
    "https://deno.land/x/oak@v17.1.0/middleware/proxy.ts": "a0b4964509d4320735ffbe52ae2629c78e302dd9b934fcf2ddf189d491469892",
    "https://deno.land/x/oak@v17.1.0/middleware/serve.ts": "efceebd70afb73bcabe0a6a8981f3d8474a2f2f30e85b46761aee49e81bd9d6a",
    "https://deno.land/x/oak@v17.1.0/mod.ts": "38e53e01e609583e843f3e2b2677de9872d23d68939ce0de85b402e7a8db01a7",
    "https://deno.land/x/oak@v17.1.0/node_shims.ts": "4db1569b2b79b73f37c4d947f4aaa50a93e266d48fe67601c8a31af17a28884d",
    "https://deno.land/x/oak@v17.1.0/request.ts": "1e7f2c338cd6889b616bbdc9e2062eac27acbffde05c685adfb1c60ecc80682a",
    "https://deno.land/x/oak@v17.1.0/response.ts": "75724db76f2dd782827f2dcaa00e4e1732709399bad2458c787fed2c95c4f8be",
    "https://deno.land/x/oak@v17.1.0/router.ts": "882f36a576e280b0d617cc174feca320f02deed77bdea8264444ba8b55cc0422",
    "https://deno.land/x/oak@v17.1.0/send.ts": "340676bbed632dd11194b930467a4e1aec64199b08328e6394cb7669b64c98a6",
    "https://deno.land/x/oak@v17.1.0/testing.ts": "2b80f231aa2207ecdee690da46e230d1e5375d95b268dfaa5205b2b2f6cc740f",
    "https://deno.land/x/oak@v17.1.0/types.ts": "cd4ccd3e182d0cba2117cd27f560267970470ab9c0ff6556cadd73f605193be7",
    "https://deno.land/x/oak@v17.1.0/utils/clone_state.ts": "cf8989ddd56816b36ada253ae0acdbd46cdf3d68dbe674d2b66c46640fab3500",
    "https://deno.land/x/oak@v17.1.0/utils/consts.ts": "137c4f73479f5e98a13153b9305f06f0d85df3cf2aacad2c9f82d4c1f3a2f105",
    "https://deno.land/x/oak@v17.1.0/utils/create_promise_with_resolvers.ts": "de99e9a998162b929a011f8873eaf0895cf4742492b3ce6f6866d39217342523",
    "https://deno.land/x/oak@v17.1.0/utils/decode_component.ts": "d3e2c40ecdd2fdb79761c6e9ae224cf01a4643f7c5f4c1e0b69698d43025261b",
    "https://deno.land/x/oak@v17.1.0/utils/encode_url.ts": "c0ed6b318eb9523adeebba32eb9acd059c0f94d3511b2b9e3b024722d1b3dfb8",
    "https://deno.land/x/oak@v17.1.0/utils/resolve_path.ts": "aa39d54a003b38fee55f340a0cba3f93a7af85b8ddd5fbfb049a98fc0109b36d",
    "https://deno.land/x/oak@v17.1.0/utils/streams.ts": "3da73b94681f8d27a82cc67df3f91090ec0bd6c3e9ab957af588d41ab585d923",
    "https://deno.land/x/oak@v17.1.0/utils/type_guards.ts": "a8dbb5ab7424f0355b121537d2454f927e0ca9949262fb67ac4fbefbd5880313",
    "https://deno.land/x/postgres@v0.4.5/array_parser.ts": "abd029aa5cb094c6dfc37af69e2a744c0a30d111d1dd4271ef5b5ba6b582f7c3",
    "https://deno.land/x/postgres@v0.4.5/client.ts": "43af61797c8ac93c1a1a728c165b1828e6ecd993ed19d10a250e99a4cd28a94c",
    "https://deno.land/x/postgres@v0.4.5/connection.ts": "de030f38df50d7d8fb5dd69ed960d8ccac5ccec93d05bec29ec6bdd699c9fa7e",
    "https://deno.land/x/postgres@v0.4.5/connection_params.ts": "038b05a12c2fd2fe7d9cbad53d9f941e7aa461e8e2bfea720b986887a6bd35b9",
    "https://deno.land/x/postgres@v0.4.5/decode.ts": "a0ccc522b7556683aeec655cffe6c6fe586f40afe8972e0c599556243e7a8a95",
    "https://deno.land/x/postgres@v0.4.5/deferred.ts": "de077878ddaf09829679d08a20b94be91ceba64ce261e5f5e2bc1f621dea3b4c",
    "https://deno.land/x/postgres@v0.4.5/deps.ts": "bca1db1ce7b7576250260613ea32ccd44d0ce51df7b9f87b21780ecffc984764",
    "https://deno.land/x/postgres@v0.4.5/encode.ts": "5f490a348268cbff9af1cadba51b21a06fdc10e5480f5efef78f57b80f470e9b",
    "https://deno.land/x/postgres@v0.4.5/error.ts": "8825307428b6190123b63236bb1cc058d269a7e164b016d1c03b532c13285715",
    "https://deno.land/x/postgres@v0.4.5/mod.ts": "3b942841a2070dd08c30dd18dec099a66256e1358a2425cd334dd00faf8e68a7",
    "https://deno.land/x/postgres@v0.4.5/oid.ts": "90ff200a59195240b250c7e2b86ae95bc40a9b76f677aaa456d19d91d2698c7b",
    "https://deno.land/x/postgres@v0.4.5/packet_reader.ts": "f35ac560f349c61fd97e1216278a1f05bb4ff2910afaf34bc158460b458ccd13",
    "https://deno.land/x/postgres@v0.4.5/packet_writer.ts": "1b5a0b7371743477e8cac88d9016ecf0b3900c4393075f0efdd2cfa3f87fdbdd",
    "https://deno.land/x/postgres@v0.4.5/pool.ts": "795925a739786c34f5cc685ae5c29576726e9a957ce2ce05185707d852ae8abb",
    "https://deno.land/x/postgres@v0.4.5/query.ts": "e4d6eae2168793c07a692bdf51227a52a7bb25519aa4ca8fe96934b1acfcef2d",
    "https://deno.land/x/postgres@v0.4.5/utils.ts": "8f375b2f79d3ceabbe85842163c402cfc5a7e7bfdeff4405a9b7e2abbee4136b",
    "https://deno.land/x/sha256@v1.0.2/deps.ts": "2e1af51a48c8507017fdb057b950366601b177fb7e73d5de54c1b3e0e115d72e",
    "https://deno.land/x/sha256@v1.0.2/mod.ts": "f109aa5eeb201a0cbfaf44950b70a429838b187e8a84c5b810c1ac84953427cc",
    "https://deno.land/x/sql_builder@v1.6.0/util.ts": "ddad204b385ac21ceb7c30d4c1671cfd93ad3ace76ddf76a01d02ccc233acbc4",
    "https://deno.land/x/sqlite@v2.3.0/build/sqlite.js": "1aa88d3b75f940c1e58461c78e8d32f5a3cf04c5f8c4ca7182e0d28999d198db",
    "https://deno.land/x/sqlite@v2.3.0/build/vfs.js": "ce3b69b82a1723cad2bf06dfee774f461bcc49502a20ec8b99198ceff46cd046",
    "https://deno.land/x/sqlite@v2.3.0/mod.ts": "1fc2fdc6aca3ffa8b3f4893c2858871e1bb24ab833d1ed732eba911ad44fb495",
    "https://deno.land/x/sqlite@v2.3.0/src/constants.ts": "6032b1a8b2e6ed186460385b83750deb8e9b7b8c6ff100e450605c814585186e",
    "https://deno.land/x/sqlite@v2.3.0/src/db.ts": "3febe0aff82e3ffde58d93d1442cfe9d37fbed430928a843406e296520ebeff9",
    "https://deno.land/x/sqlite@v2.3.0/src/error.ts": "c305a89b28ab5b56e425074849c6544d23e855b92670935d9e965ee68f9a6a9e",
    "https://deno.land/x/sqlite@v2.3.0/src/row_objects.ts": "a87da69b381f48629b47739fbbaef9663c382b8fb9c6f0e396a0f2b3f9acb566",
    "https://deno.land/x/sqlite@v2.3.0/src/rows.ts": "623b67150c894bfd26b889183b439655b02992462259cf6a9fca0755427c5243",
    "https://deno.land/x/sqlite@v2.3.0/src/wasm.ts": "9747b8c4de5542f2359a35461317f08a244fe8a0933c7e279caad27a0190e6bf",
    "https://denopkg.com/chiefbiiko/std-encoding@v1.0.0/mod.ts": "4a927e5cd1d9b080d72881eb285b3b94edb6dadc1828aeb194117645f4481ac0"
  },
  "workspace": {
    "dependencies": [
      "jsr:@std/assert@1",
      "npm:chalk@5"
    ]
  }
}
